
Microsoft Visual Studio Solution File, Format Version 12.00
# Visual Studio Version 17
VisualStudioVersion = 17.14.36310.24
MinimumVisualStudioVersion = 10.0.40219.1
Project("{FAE04EC0-301F-11D3-BF4B-00C04F79EFBC}") = "ASCII_ART_GENERATOR", "ASCII_ART_GENERATOR.csproj", "{89CAF4AC-ED5C-4660-8D51-2F958419837C}"
EndProject
Global
	GlobalSection(SolutionConfigurationPlatforms) = preSolution
		Debug|Any CPU = Debug|Any CPU
		Release|Any CPU = Release|Any CPU
	EndGlobalSection
	GlobalSection(ProjectConfigurationPlatforms) = postSolution
		{89CAF4AC-ED5C-4660-8D51-2F958419837C}.Debug|Any CPU.ActiveCfg = Debug|Any CPU
		{89CAF4AC-ED5C-4660-8D51-2F958419837C}.Debug|Any CPU.Build.0 = Debug|Any CPU
		{89CAF4AC-ED5C-4660-8D51-2F958419837C}.Release|Any CPU.ActiveCfg = Release|Any CPU
		{89CAF4AC-ED5C-4660-8D51-2F958419837C}.Release|Any CPU.Build.0 = Release|Any CPU
	EndGlobalSection
	GlobalSection(SolutionProperties) = preSolution
		HideSolutionNode = FALSE
	EndGlobalSection
	GlobalSection(ExtensibilityGlobals) = postSolution
		SolutionGuid = {59AA6E6F-59FD-4729-8599-D9243B35C097}
	EndGlobalSection
EndGlobal
